
Microsoft Visual Studio Solution File, Format Version 12.00
# Visual Studio Version 16
VisualStudioVersion = 16.0.30413.136
MinimumVisualStudioVersion = 10.0.40219.1
Project("{FAE04EC0-301F-11D3-BF4B-00C04F79EFBC}") = "raspisainije.Android", "raspisainije\raspisainije.Android\raspisainije.Android.csproj", "{604C8D89-8DEC-40E9-9B61-F8084C599CF1}"
EndProject
Project("{FAE04EC0-301F-11D3-BF4B-00C04F79EFBC}") = "raspisainije", "raspisainije\raspisainije\raspisainije.csproj", "{17E80C93-9A0C-401A-960A-483CA1B7B14B}"
EndProject
Global
	GlobalSection(SolutionConfigurationPlatforms) = preSolution
		Debug|Any CPU = Debug|Any CPU
		Release|Any CPU = Release|Any CPU
	EndGlobalSection
	GlobalSection(ProjectConfigurationPlatforms) = postSolution
		{604C8D89-8DEC-40E9-9B61-F8084C599CF1}.Debug|Any CPU.ActiveCfg = Debug|Any CPU
		{604C8D89-8DEC-40E9-9B61-F8084C599CF1}.Debug|Any CPU.Build.0 = Debug|Any CPU
		{604C8D89-8DEC-40E9-9B61-F8084C599CF1}.Debug|Any CPU.Deploy.0 = Debug|Any CPU
		{604C8D89-8DEC-40E9-9B61-F8084C599CF1}.Release|Any CPU.ActiveCfg = Release|Any CPU
		{604C8D89-8DEC-40E9-9B61-F8084C599CF1}.Release|Any CPU.Build.0 = Release|Any CPU
		{604C8D89-8DEC-40E9-9B61-F8084C599CF1}.Release|Any CPU.Deploy.0 = Release|Any CPU
		{17E80C93-9A0C-401A-960A-483CA1B7B14B}.Debug|Any CPU.ActiveCfg = Debug|Any CPU
		{17E80C93-9A0C-401A-960A-483CA1B7B14B}.Debug|Any CPU.Build.0 = Debug|Any CPU
		{17E80C93-9A0C-401A-960A-483CA1B7B14B}.Debug|Any CPU.Deploy.0 = Debug|Any CPU
		{17E80C93-9A0C-401A-960A-483CA1B7B14B}.Release|Any CPU.ActiveCfg = Release|Any CPU
		{17E80C93-9A0C-401A-960A-483CA1B7B14B}.Release|Any CPU.Build.0 = Release|Any CPU
		{17E80C93-9A0C-401A-960A-483CA1B7B14B}.Release|Any CPU.Deploy.0 = Release|Any CPU
	EndGlobalSection
	GlobalSection(SolutionProperties) = preSolution
		HideSolutionNode = FALSE
	EndGlobalSection
	GlobalSection(ExtensibilityGlobals) = postSolution
		SolutionGuid = {54FDB746-0E47-42AE-A847-8F72967BE221}
	EndGlobalSection
EndGlobal
